
Microsoft Visual Studio Solution File, Format Version 12.00
# Visual Studio Version 17
VisualStudioVersion = 17.9.34616.47
MinimumVisualStudioVersion = 10.0.40219.1
Project("{9A19103F-16F7-4668-BE54-9A1E7A4F7556}") = "DepartAdmin.DAL", "DepartAdmin.DAL\DepartAdmin.DAL.csproj", "{3EFF4E9C-19AD-49DF-ACE4-C3582D7A2099}"
EndProject
Project("{9A19103F-16F7-4668-BE54-9A1E7A4F7556}") = "DepartAdmin.Sever", "DepartAdmin.Sever\DepartAdmin.Sever.csproj", "{D8DD86F2-2511-4A00-A6DB-410FCE7DD14B}"
EndProject
Project("{FAE04EC0-301F-11D3-BF4B-00C04F79EFBC}") = "DepartAdmin.Client", "DepartAdmin.Client\DepartAdmin.Client.csproj", "{6EEBCCF0-327D-4287-BCF4-DA6300A0D39C}"
EndProject
Global
	GlobalSection(SolutionConfigurationPlatforms) = preSolution
		Debug|Any CPU = Debug|Any CPU
		Release|Any CPU = Release|Any CPU
	EndGlobalSection
	GlobalSection(ProjectConfigurationPlatforms) = postSolution
		{3EFF4E9C-19AD-49DF-ACE4-C3582D7A2099}.Debug|Any CPU.ActiveCfg = Debug|Any CPU
		{3EFF4E9C-19AD-49DF-ACE4-C3582D7A2099}.Debug|Any CPU.Build.0 = Debug|Any CPU
		{3EFF4E9C-19AD-49DF-ACE4-C3582D7A2099}.Release|Any CPU.ActiveCfg = Release|Any CPU
		{3EFF4E9C-19AD-49DF-ACE4-C3582D7A2099}.Release|Any CPU.Build.0 = Release|Any CPU
		{D8DD86F2-2511-4A00-A6DB-410FCE7DD14B}.Debug|Any CPU.ActiveCfg = Debug|Any CPU
		{D8DD86F2-2511-4A00-A6DB-410FCE7DD14B}.Debug|Any CPU.Build.0 = Debug|Any CPU
		{D8DD86F2-2511-4A00-A6DB-410FCE7DD14B}.Release|Any CPU.ActiveCfg = Release|Any CPU
		{D8DD86F2-2511-4A00-A6DB-410FCE7DD14B}.Release|Any CPU.Build.0 = Release|Any CPU
		{6EEBCCF0-327D-4287-BCF4-DA6300A0D39C}.Debug|Any CPU.ActiveCfg = Debug|Any CPU
		{6EEBCCF0-327D-4287-BCF4-DA6300A0D39C}.Debug|Any CPU.Build.0 = Debug|Any CPU
		{6EEBCCF0-327D-4287-BCF4-DA6300A0D39C}.Release|Any CPU.ActiveCfg = Release|Any CPU
		{6EEBCCF0-327D-4287-BCF4-DA6300A0D39C}.Release|Any CPU.Build.0 = Release|Any CPU
	EndGlobalSection
	GlobalSection(SolutionProperties) = preSolution
		HideSolutionNode = FALSE
	EndGlobalSection
	GlobalSection(ExtensibilityGlobals) = postSolution
		SolutionGuid = {516A0FE2-08E4-47BE-ACF0-34A35E902287}
	EndGlobalSection
EndGlobal
