
Microsoft Visual Studio Solution File, Format Version 12.00
# Visual Studio Version 17
VisualStudioVersion = 17.9.34616.47
MinimumVisualStudioVersion = 10.0.40219.1
Project("{9A19103F-16F7-4668-BE54-9A1E7A4F7556}") = "DepartAdmin.DAL", "DepartAdmin.DAL\DepartAdmin.DAL.csproj", "{3EFF4E9C-19AD-49DF-ACE4-C3582D7A2099}"
EndProject
Project("{FAE04EC0-301F-11D3-BF4B-00C04F79EFBC}") = "DepartAdmin.Web", "DepartAdmin.Web\DepartAdmin.Web.csproj", "{62DC306E-6D8A-41B0-B8C9-DC3461665D06}"
EndProject
Global
	GlobalSection(SolutionConfigurationPlatforms) = preSolution
		Debug|Any CPU = Debug|Any CPU
		Release|Any CPU = Release|Any CPU
	EndGlobalSection
	GlobalSection(ProjectConfigurationPlatforms) = postSolution
		{3EFF4E9C-19AD-49DF-ACE4-C3582D7A2099}.Debug|Any CPU.ActiveCfg = Debug|Any CPU
		{3EFF4E9C-19AD-49DF-ACE4-C3582D7A2099}.Debug|Any CPU.Build.0 = Debug|Any CPU
		{3EFF4E9C-19AD-49DF-ACE4-C3582D7A2099}.Release|Any CPU.ActiveCfg = Release|Any CPU
		{3EFF4E9C-19AD-49DF-ACE4-C3582D7A2099}.Release|Any CPU.Build.0 = Release|Any CPU
		{62DC306E-6D8A-41B0-B8C9-DC3461665D06}.Debug|Any CPU.ActiveCfg = Debug|Any CPU
		{62DC306E-6D8A-41B0-B8C9-DC3461665D06}.Debug|Any CPU.Build.0 = Debug|Any CPU
		{62DC306E-6D8A-41B0-B8C9-DC3461665D06}.Release|Any CPU.ActiveCfg = Release|Any CPU
		{62DC306E-6D8A-41B0-B8C9-DC3461665D06}.Release|Any CPU.Build.0 = Release|Any CPU
	EndGlobalSection
	GlobalSection(SolutionProperties) = preSolution
		HideSolutionNode = FALSE
	EndGlobalSection
	GlobalSection(ExtensibilityGlobals) = postSolution
		SolutionGuid = {516A0FE2-08E4-47BE-ACF0-34A35E902287}
	EndGlobalSection
EndGlobal
